{
  "name": "wies-frontend",
  "version": "1.0.0",
  "lockfileVersion": 3,
  "requires": true,
  "packages": {
    "": {
      "name": "wies-frontend",
      "version": "1.0.0",
      "license": "MIT",
      "dependencies": {
        "@nl-rvo/assets": "1.0.0-alpha.360"
      }
    },
    "node_modules/@nl-rvo/assets": {
      "version": "1.0.0-alpha.360",
      "resolved": "https://registry.npmjs.org/@nl-rvo/assets/-/assets-1.0.0-alpha.360.tgz",
      "integrity": "sha512-YfHk1bDfyPLtZEi5rBZLyhYaeZOs35MWRPZnL+GYiHmmsy+avqDL3wOrKEd1tF9bT2b/cI3jkmh8jsg5XKlToQ==",
      "license": "SEE LICENSE IN LICENSE.md"
    }
  }
}
