{
  "name": "wies-frontend",
  "version": "1.0.0",
  "lockfileVersion": 3,
  "requires": true,
  "packages": {
    "": {
      "name": "wies-frontend",
      "version": "1.0.0",
      "license": "MIT",
      "dependencies": {
        "@nl-rvo/assets": "1.0.0"
      }
    },
    "node_modules/@nl-rvo/assets": {
      "version": "1.0.0",
      "resolved": "https://registry.npmjs.org/@nl-rvo/assets/-/assets-1.0.0.tgz",
      "integrity": "sha512-YEhM9bzgtsTFU1rbDhjm9oraHHCdeC9DqhiB473y4/NYaaENW8eP7ZCJYcEdG4ax/1tyDoC5e0FSkZNIgz4gJA==",
      "license": "SEE LICENSE IN LICENSE.md"
    }
  }
}
